// !$*UTF8*$!
{
	archiveVersion = 1;
	classes = {
	};
	objectVersion = 50;
	objects = {

/* Begin PBXBuildFile section */
		89215B0D23F69B3300C2FEC8 /* AppDelegate.swift in Sources */ = {isa = PBXBuildFile; fileRef = 89215B0C23F69B3300C2FEC8 /* AppDelegate.swift */; };
		89215B0F23F69B3300C2FEC8 /* SceneDelegate.swift in Sources */ = {isa = PBXBuildFile; fileRef = 89215B0E23F69B3300C2FEC8 /* SceneDelegate.swift */; };
		89215B1123F69B3300C2FEC8 /* ViewController.swift in Sources */ = {isa = PBXBuildFile; fileRef = 89215B1023F69B3300C2FEC8 /* ViewController.swift */; };
		89215B1423F69B3300C2FEC8 /* Main.storyboard in Resources */ = {isa = PBXBuildFile; fileRef = 89215B1223F69B3300C2FEC8 /* Main.storyboard */; };
		89215B1723F69B3300C2FEC8 /* Meteors.xcdatamodeld in Sources */ = {isa = PBXBuildFile; fileRef = 89215B1523F69B3300C2FEC8 /* Meteors.xcdatamodeld */; };
		89215B1923F69B3D00C2FEC8 /* Assets.xcassets in Resources */ = {isa = PBXBuildFile; fileRef = 89215B1823F69B3D00C2FEC8 /* Assets.xcassets */; };
		89215B1C23F69B3D00C2FEC8 /* LaunchScreen.storyboard in Resources */ = {isa = PBXBuildFile; fileRef = 89215B1A23F69B3D00C2FEC8 /* LaunchScreen.storyboard */; };
		89215B2723F69B3E00C2FEC8 /* MeteorsTests.swift in Sources */ = {isa = PBXBuildFile; fileRef = 89215B2623F69B3E00C2FEC8 /* MeteorsTests.swift */; };
		89215B3223F69B3E00C2FEC8 /* MeteorsUITests.swift in Sources */ = {isa = PBXBuildFile; fileRef = 89215B3123F69B3E00C2FEC8 /* MeteorsUITests.swift */; };
		89215B5423F69BAE00C2FEC8 /* MainFlowController.swift in Sources */ = {isa = PBXBuildFile; fileRef = 89215B4223F69BAE00C2FEC8 /* MainFlowController.swift */; };
		89215B5523F69BAE00C2FEC8 /* MainFactory.swift in Sources */ = {isa = PBXBuildFile; fileRef = 89215B4723F69BAE00C2FEC8 /* MainFactory.swift */; };
		89215B5623F69BAE00C2FEC8 /* MeteorDetailsModel.swift in Sources */ = {isa = PBXBuildFile; fileRef = 89215B4A23F69BAE00C2FEC8 /* MeteorDetailsModel.swift */; };
		89215B5723F69BAE00C2FEC8 /* MeteorDetailsFlowController.swift in Sources */ = {isa = PBXBuildFile; fileRef = 89215B4C23F69BAE00C2FEC8 /* MeteorDetailsFlowController.swift */; };
		89215B5823F69BAE00C2FEC8 /* MeteorDetails.storyboard in Resources */ = {isa = PBXBuildFile; fileRef = 89215B4E23F69BAE00C2FEC8 /* MeteorDetails.storyboard */; };
		89215B5923F69BAE00C2FEC8 /* MeteorDetailsViewController.swift in Sources */ = {isa = PBXBuildFile; fileRef = 89215B4F23F69BAE00C2FEC8 /* MeteorDetailsViewController.swift */; };
		89215B5A23F69BAE00C2FEC8 /* MeteorDetailsViewModel.swift in Sources */ = {isa = PBXBuildFile; fileRef = 89215B5123F69BAE00C2FEC8 /* MeteorDetailsViewModel.swift */; };
		89215B5B23F69BAE00C2FEC8 /* MeteorDetailsFactory.swift in Sources */ = {isa = PBXBuildFile; fileRef = 89215B5323F69BAE00C2FEC8 /* MeteorDetailsFactory.swift */; };
		89215B6323F6A5E100C2FEC8 /* UIColor+extensions.swift in Sources */ = {isa = PBXBuildFile; fileRef = 89215B6223F6A5E100C2FEC8 /* UIColor+extensions.swift */; };
		89215B6E23F6ABD700C2FEC8 /* CoreDataManager.swift in Sources */ = {isa = PBXBuildFile; fileRef = 89215B6D23F6ABD700C2FEC8 /* CoreDataManager.swift */; };
		89215B7023F6AC2600C2FEC8 /* DataForMeteors.swift in Sources */ = {isa = PBXBuildFile; fileRef = 89215B6F23F6AC2600C2FEC8 /* DataForMeteors.swift */; };
		89215B7223F6B1FD00C2FEC8 /* MeteorModel.swift in Sources */ = {isa = PBXBuildFile; fileRef = 89215B7123F6B1FD00C2FEC8 /* MeteorModel.swift */; };
		89215B7423F6BB5300C2FEC8 /* UIView+extensions.swift in Sources */ = {isa = PBXBuildFile; fileRef = 89215B7323F6BB5300C2FEC8 /* UIView+extensions.swift */; };
		89215B7623F6BBE500C2FEC8 /* UILabel+extensions.swift in Sources */ = {isa = PBXBuildFile; fileRef = 89215B7523F6BBE500C2FEC8 /* UILabel+extensions.swift */; };
		89215B7823F6BC2700C2FEC8 /* UIFont+extensions.swift in Sources */ = {isa = PBXBuildFile; fileRef = 89215B7723F6BC2700C2FEC8 /* UIFont+extensions.swift */; };
		89215B7A23F6C07C00C2FEC8 /* DataManager.swift in Sources */ = {isa = PBXBuildFile; fileRef = 89215B7923F6C07C00C2FEC8 /* DataManager.swift */; };
		89555B7B23FDF31400F182BB /* SODAClient.swift in Sources */ = {isa = PBXBuildFile; fileRef = 89555B7923FDF31400F182BB /* SODAClient.swift */; };
		89555B7E23FF50B200F182BB /* GetRequest.swift in Sources */ = {isa = PBXBuildFile; fileRef = 89555B7D23FF50B200F182BB /* GetRequest.swift */; };
		89555B8023FF51F900F182BB /* Services.swift in Sources */ = {isa = PBXBuildFile; fileRef = 89555B7F23FF51F900F182BB /* Services.swift */; };
		89555B8323FF877D00F182BB /* UIButton+extensions.swift in Sources */ = {isa = PBXBuildFile; fileRef = 89555B8223FF877B00F182BB /* UIButton+extensions.swift */; };
		89555B852403D47F00F182BB /* Date+extensions.swift in Sources */ = {isa = PBXBuildFile; fileRef = 89555B842403D47E00F182BB /* Date+extensions.swift */; };
		89555B882403EDE500F182BB /* MainViewModel.swift in Sources */ = {isa = PBXBuildFile; fileRef = 89555B872403EDE400F182BB /* MainViewModel.swift */; };
		89555B8C2403FF4000F182BB /* CoreDataTests.swift in Sources */ = {isa = PBXBuildFile; fileRef = 89555B8B2403FF3F00F182BB /* CoreDataTests.swift */; };
		89B478D223F6DF6B00D30C8F /* CustomCollectionView.swift in Sources */ = {isa = PBXBuildFile; fileRef = 89B478D123F6DF6B00D30C8F /* CustomCollectionView.swift */; };
		89B478D523F6DFC500D30C8F /* CustomCollectionViewCell.swift in Sources */ = {isa = PBXBuildFile; fileRef = 89B478D323F6DFC500D30C8F /* CustomCollectionViewCell.swift */; };
		89B478D623F6DFC500D30C8F /* CustomCollectionViewCell.xib in Resources */ = {isa = PBXBuildFile; fileRef = 89B478D423F6DFC500D30C8F /* CustomCollectionViewCell.xib */; };
		89B478D823F6E72900D30C8F /* UIViewcontroller+extensions.swift in Sources */ = {isa = PBXBuildFile; fileRef = 89B478D723F6E72900D30C8F /* UIViewcontroller+extensions.swift */; };
/* End PBXBuildFile section */

/* Begin PBXContainerItemProxy section */
		89215B2323F69B3E00C2FEC8 /* PBXContainerItemProxy */ = {
			isa = PBXContainerItemProxy;
			containerPortal = 89215B0123F69B3300C2FEC8 /* Project object */;
			proxyType = 1;
			remoteGlobalIDString = 89215B0823F69B3300C2FEC8;
			remoteInfo = Meteors;
		};
		89215B2E23F69B3E00C2FEC8 /* PBXContainerItemProxy */ = {
			isa = PBXContainerItemProxy;
			containerPortal = 89215B0123F69B3300C2FEC8 /* Project object */;
			proxyType = 1;
			remoteGlobalIDString = 89215B0823F69B3300C2FEC8;
			remoteInfo = Meteors;
		};
/* End PBXContainerItemProxy section */

/* Begin PBXFileReference section */
		89215B0923F69B3300C2FEC8 /* Meteors.app */ = {isa = PBXFileReference; explicitFileType = wrapper.application; includeInIndex = 0; path = Meteors.app; sourceTree = BUILT_PRODUCTS_DIR; };
		89215B0C23F69B3300C2FEC8 /* AppDelegate.swift */ = {isa = PBXFileReference; lastKnownFileType = sourcecode.swift; path = AppDelegate.swift; sourceTree = "<group>"; };
		89215B0E23F69B3300C2FEC8 /* SceneDelegate.swift */ = {isa = PBXFileReference; lastKnownFileType = sourcecode.swift; path = SceneDelegate.swift; sourceTree = "<group>"; };
		89215B1023F69B3300C2FEC8 /* ViewController.swift */ = {isa = PBXFileReference; lastKnownFileType = sourcecode.swift; path = ViewController.swift; sourceTree = "<group>"; };
		89215B1323F69B3300C2FEC8 /* Base */ = {isa = PBXFileReference; lastKnownFileType = file.storyboard; name = Base; path = Base.lproj/Main.storyboard; sourceTree = "<group>"; };
		89215B1623F69B3300C2FEC8 /* Meteors.xcdatamodel */ = {isa = PBXFileReference; lastKnownFileType = wrapper.xcdatamodel; path = Meteors.xcdatamodel; sourceTree = "<group>"; };
		89215B1823F69B3D00C2FEC8 /* Assets.xcassets */ = {isa = PBXFileReference; lastKnownFileType = folder.assetcatalog; path = Assets.xcassets; sourceTree = "<group>"; };
		89215B1B23F69B3D00C2FEC8 /* Base */ = {isa = PBXFileReference; lastKnownFileType = file.storyboard; name = Base; path = Base.lproj/LaunchScreen.storyboard; sourceTree = "<group>"; };
		89215B1D23F69B3D00C2FEC8 /* Info.plist */ = {isa = PBXFileReference; lastKnownFileType = text.plist.xml; path = Info.plist; sourceTree = "<group>"; };
		89215B2223F69B3E00C2FEC8 /* MeteorsTests.xctest */ = {isa = PBXFileReference; explicitFileType = wrapper.cfbundle; includeInIndex = 0; path = MeteorsTests.xctest; sourceTree = BUILT_PRODUCTS_DIR; };
		89215B2623F69B3E00C2FEC8 /* MeteorsTests.swift */ = {isa = PBXFileReference; lastKnownFileType = sourcecode.swift; path = MeteorsTests.swift; sourceTree = "<group>"; };
		89215B2823F69B3E00C2FEC8 /* Info.plist */ = {isa = PBXFileReference; lastKnownFileType = text.plist.xml; path = Info.plist; sourceTree = "<group>"; };
		89215B2D23F69B3E00C2FEC8 /* MeteorsUITests.xctest */ = {isa = PBXFileReference; explicitFileType = wrapper.cfbundle; includeInIndex = 0; path = MeteorsUITests.xctest; sourceTree = BUILT_PRODUCTS_DIR; };
		89215B3123F69B3E00C2FEC8 /* MeteorsUITests.swift */ = {isa = PBXFileReference; lastKnownFileType = sourcecode.swift; path = MeteorsUITests.swift; sourceTree = "<group>"; };
		89215B3323F69B3E00C2FEC8 /* Info.plist */ = {isa = PBXFileReference; lastKnownFileType = text.plist.xml; path = Info.plist; sourceTree = "<group>"; };
		89215B4223F69BAE00C2FEC8 /* MainFlowController.swift */ = {isa = PBXFileReference; fileEncoding = 4; lastKnownFileType = sourcecode.swift; path = MainFlowController.swift; sourceTree = "<group>"; };
		89215B4723F69BAE00C2FEC8 /* MainFactory.swift */ = {isa = PBXFileReference; fileEncoding = 4; lastKnownFileType = sourcecode.swift; path = MainFactory.swift; sourceTree = "<group>"; };
		89215B4A23F69BAE00C2FEC8 /* MeteorDetailsModel.swift */ = {isa = PBXFileReference; fileEncoding = 4; lastKnownFileType = sourcecode.swift; path = MeteorDetailsModel.swift; sourceTree = "<group>"; };
		89215B4C23F69BAE00C2FEC8 /* MeteorDetailsFlowController.swift */ = {isa = PBXFileReference; fileEncoding = 4; lastKnownFileType = sourcecode.swift; path = MeteorDetailsFlowController.swift; sourceTree = "<group>"; };
		89215B4E23F69BAE00C2FEC8 /* MeteorDetails.storyboard */ = {isa = PBXFileReference; fileEncoding = 4; lastKnownFileType = file.storyboard; path = MeteorDetails.storyboard; sourceTree = "<group>"; };
		89215B4F23F69BAE00C2FEC8 /* MeteorDetailsViewController.swift */ = {isa = PBXFileReference; fileEncoding = 4; lastKnownFileType = sourcecode.swift; path = MeteorDetailsViewController.swift; sourceTree = "<group>"; };
		89215B5123F69BAE00C2FEC8 /* MeteorDetailsViewModel.swift */ = {isa = PBXFileReference; fileEncoding = 4; lastKnownFileType = sourcecode.swift; path = MeteorDetailsViewModel.swift; sourceTree = "<group>"; };
		89215B5323F69BAE00C2FEC8 /* MeteorDetailsFactory.swift */ = {isa = PBXFileReference; fileEncoding = 4; lastKnownFileType = sourcecode.swift; path = MeteorDetailsFactory.swift; sourceTree = "<group>"; };
		89215B6223F6A5E100C2FEC8 /* UIColor+extensions.swift */ = {isa = PBXFileReference; lastKnownFileType = sourcecode.swift; path = "UIColor+extensions.swift"; sourceTree = "<group>"; };
		89215B6D23F6ABD700C2FEC8 /* CoreDataManager.swift */ = {isa = PBXFileReference; lastKnownFileType = sourcecode.swift; path = CoreDataManager.swift; sourceTree = "<group>"; };
		89215B6F23F6AC2600C2FEC8 /* DataForMeteors.swift */ = {isa = PBXFileReference; lastKnownFileType = sourcecode.swift; path = DataForMeteors.swift; sourceTree = "<group>"; };
		89215B7123F6B1FD00C2FEC8 /* MeteorModel.swift */ = {isa = PBXFileReference; lastKnownFileType = sourcecode.swift; path = MeteorModel.swift; sourceTree = "<group>"; };
		89215B7323F6BB5300C2FEC8 /* UIView+extensions.swift */ = {isa = PBXFileReference; lastKnownFileType = sourcecode.swift; path = "UIView+extensions.swift"; sourceTree = "<group>"; };
		89215B7523F6BBE500C2FEC8 /* UILabel+extensions.swift */ = {isa = PBXFileReference; lastKnownFileType = sourcecode.swift; path = "UILabel+extensions.swift"; sourceTree = "<group>"; };
		89215B7723F6BC2700C2FEC8 /* UIFont+extensions.swift */ = {isa = PBXFileReference; lastKnownFileType = sourcecode.swift; path = "UIFont+extensions.swift"; sourceTree = "<group>"; };
		89215B7923F6C07C00C2FEC8 /* DataManager.swift */ = {isa = PBXFileReference; lastKnownFileType = sourcecode.swift; path = DataManager.swift; sourceTree = "<group>"; };
		89555B7823FDF31400F182BB /* SODAKit.h */ = {isa = PBXFileReference; fileEncoding = 4; lastKnownFileType = sourcecode.c.h; path = SODAKit.h; sourceTree = "<group>"; };
		89555B7923FDF31400F182BB /* SODAClient.swift */ = {isa = PBXFileReference; fileEncoding = 4; lastKnownFileType = sourcecode.swift; path = SODAClient.swift; sourceTree = "<group>"; };
		89555B7D23FF50B200F182BB /* GetRequest.swift */ = {isa = PBXFileReference; lastKnownFileType = sourcecode.swift; path = GetRequest.swift; sourceTree = "<group>"; };
		89555B7F23FF51F900F182BB /* Services.swift */ = {isa = PBXFileReference; lastKnownFileType = sourcecode.swift; path = Services.swift; sourceTree = "<group>"; };
		89555B8223FF877B00F182BB /* UIButton+extensions.swift */ = {isa = PBXFileReference; lastKnownFileType = sourcecode.swift; path = "UIButton+extensions.swift"; sourceTree = "<group>"; };
		89555B842403D47E00F182BB /* Date+extensions.swift */ = {isa = PBXFileReference; lastKnownFileType = sourcecode.swift; path = "Date+extensions.swift"; sourceTree = "<group>"; };
		89555B872403EDE400F182BB /* MainViewModel.swift */ = {isa = PBXFileReference; lastKnownFileType = sourcecode.swift; path = MainViewModel.swift; sourceTree = "<group>"; };
		89555B8B2403FF3F00F182BB /* CoreDataTests.swift */ = {isa = PBXFileReference; lastKnownFileType = sourcecode.swift; path = CoreDataTests.swift; sourceTree = "<group>"; };
		89B478D123F6DF6B00D30C8F /* CustomCollectionView.swift */ = {isa = PBXFileReference; lastKnownFileType = sourcecode.swift; path = CustomCollectionView.swift; sourceTree = "<group>"; };
		89B478D323F6DFC500D30C8F /* CustomCollectionViewCell.swift */ = {isa = PBXFileReference; lastKnownFileType = sourcecode.swift; path = CustomCollectionViewCell.swift; sourceTree = "<group>"; };
		89B478D423F6DFC500D30C8F /* CustomCollectionViewCell.xib */ = {isa = PBXFileReference; lastKnownFileType = file.xib; path = CustomCollectionViewCell.xib; sourceTree = "<group>"; };
		89B478D723F6E72900D30C8F /* UIViewcontroller+extensions.swift */ = {isa = PBXFileReference; lastKnownFileType = sourcecode.swift; path = "UIViewcontroller+extensions.swift"; sourceTree = "<group>"; };
/* End PBXFileReference section */

/* Begin PBXFrameworksBuildPhase section */
		89215B0623F69B3300C2FEC8 /* Frameworks */ = {
			isa = PBXFrameworksBuildPhase;
			buildActionMask = 2147483647;
			files = (
			);
			runOnlyForDeploymentPostprocessing = 0;
		};
		89215B1F23F69B3E00C2FEC8 /* Frameworks */ = {
			isa = PBXFrameworksBuildPhase;
			buildActionMask = 2147483647;
			files = (
			);
			runOnlyForDeploymentPostprocessing = 0;
		};
		89215B2A23F69B3E00C2FEC8 /* Frameworks */ = {
			isa = PBXFrameworksBuildPhase;
			buildActionMask = 2147483647;
			files = (
			);
			runOnlyForDeploymentPostprocessing = 0;
		};
/* End PBXFrameworksBuildPhase section */

/* Begin PBXGroup section */
		89215B0023F69B3300C2FEC8 = {
			isa = PBXGroup;
			children = (
				89215B0B23F69B3300C2FEC8 /* Meteors */,
				89215B2523F69B3E00C2FEC8 /* MeteorsTests */,
				89215B3023F69B3E00C2FEC8 /* MeteorsUITests */,
				89215B0A23F69B3300C2FEC8 /* Products */,
			);
			sourceTree = "<group>";
		};
		89215B0A23F69B3300C2FEC8 /* Products */ = {
			isa = PBXGroup;
			children = (
				89215B0923F69B3300C2FEC8 /* Meteors.app */,
				89215B2223F69B3E00C2FEC8 /* MeteorsTests.xctest */,
				89215B2D23F69B3E00C2FEC8 /* MeteorsUITests.xctest */,
			);
			name = Products;
			sourceTree = "<group>";
		};
		89215B0B23F69B3300C2FEC8 /* Meteors */ = {
			isa = PBXGroup;
			children = (
				89215B4023F69BAE00C2FEC8 /* Initial View */,
				89215B4823F69BAE00C2FEC8 /* Meteor Details */,
				89215B5C23F6A0B200C2FEC8 /* Extensios */,
				89215B5D23F6A0BD00C2FEC8 /* Custom Views */,
				89215B5E23F6A0DE00C2FEC8 /* Core Data */,
				89555B8123FF580200F182BB /* Networking */,
				89555B7723FDF31400F182BB /* SODAKit */,
				89215B0C23F69B3300C2FEC8 /* AppDelegate.swift */,
				89215B0E23F69B3300C2FEC8 /* SceneDelegate.swift */,
				89215B1823F69B3D00C2FEC8 /* Assets.xcassets */,
				89215B1A23F69B3D00C2FEC8 /* LaunchScreen.storyboard */,
				89215B1D23F69B3D00C2FEC8 /* Info.plist */,
			);
			path = Meteors;
			sourceTree = "<group>";
		};
		89215B2523F69B3E00C2FEC8 /* MeteorsTests */ = {
			isa = PBXGroup;
			children = (
				89215B2623F69B3E00C2FEC8 /* MeteorsTests.swift */,
				89215B2823F69B3E00C2FEC8 /* Info.plist */,
				89555B8B2403FF3F00F182BB /* CoreDataTests.swift */,
			);
			path = MeteorsTests;
			sourceTree = "<group>";
		};
		89215B3023F69B3E00C2FEC8 /* MeteorsUITests */ = {
			isa = PBXGroup;
			children = (
				89215B3123F69B3E00C2FEC8 /* MeteorsUITests.swift */,
				89215B3323F69B3E00C2FEC8 /* Info.plist */,
			);
			path = MeteorsUITests;
			sourceTree = "<group>";
		};
		89215B4023F69BAE00C2FEC8 /* Initial View */ = {
			isa = PBXGroup;
			children = (
				89215B4323F69BAE00C2FEC8 /* Model */,
				89555B862403EDBE00F182BB /* View Model */,
				89215B4423F69BAE00C2FEC8 /* View */,
				89215B4623F69BAE00C2FEC8 /* Factory */,
				89215B4123F69BAE00C2FEC8 /* FlowController */,
			);
			path = "Initial View";
			sourceTree = "<group>";
		};
		89215B4123F69BAE00C2FEC8 /* FlowController */ = {
			isa = PBXGroup;
			children = (
				89215B4223F69BAE00C2FEC8 /* MainFlowController.swift */,
			);
			path = FlowController;
			sourceTree = "<group>";
		};
		89215B4323F69BAE00C2FEC8 /* Model */ = {
			isa = PBXGroup;
			children = (
				89215B7123F6B1FD00C2FEC8 /* MeteorModel.swift */,
			);
			path = Model;
			sourceTree = "<group>";
		};
		89215B4423F69BAE00C2FEC8 /* View */ = {
			isa = PBXGroup;
			children = (
				89215B1023F69B3300C2FEC8 /* ViewController.swift */,
				89215B1223F69B3300C2FEC8 /* Main.storyboard */,
			);
			path = View;
			sourceTree = "<group>";
		};
		89215B4623F69BAE00C2FEC8 /* Factory */ = {
			isa = PBXGroup;
			children = (
				89215B4723F69BAE00C2FEC8 /* MainFactory.swift */,
			);
			path = Factory;
			sourceTree = "<group>";
		};
		89215B4823F69BAE00C2FEC8 /* Meteor Details */ = {
			isa = PBXGroup;
			children = (
				89215B4923F69BAE00C2FEC8 /* Model */,
				89215B5023F69BAE00C2FEC8 /* View Model */,
				89215B4D23F69BAE00C2FEC8 /* View */,
				89215B5223F69BAE00C2FEC8 /* Factory */,
				89215B4B23F69BAE00C2FEC8 /* Flow Controller */,
			);
			path = "Meteor Details";
			sourceTree = "<group>";
		};
		89215B4923F69BAE00C2FEC8 /* Model */ = {
			isa = PBXGroup;
			children = (
				89215B4A23F69BAE00C2FEC8 /* MeteorDetailsModel.swift */,
			);
			path = Model;
			sourceTree = "<group>";
		};
		89215B4B23F69BAE00C2FEC8 /* Flow Controller */ = {
			isa = PBXGroup;
			children = (
				89215B4C23F69BAE00C2FEC8 /* MeteorDetailsFlowController.swift */,
			);
			path = "Flow Controller";
			sourceTree = "<group>";
		};
		89215B4D23F69BAE00C2FEC8 /* View */ = {
			isa = PBXGroup;
			children = (
				89215B4E23F69BAE00C2FEC8 /* MeteorDetails.storyboard */,
				89215B4F23F69BAE00C2FEC8 /* MeteorDetailsViewController.swift */,
			);
			path = View;
			sourceTree = "<group>";
		};
		89215B5023F69BAE00C2FEC8 /* View Model */ = {
			isa = PBXGroup;
			children = (
				89215B5123F69BAE00C2FEC8 /* MeteorDetailsViewModel.swift */,
			);
			path = "View Model";
			sourceTree = "<group>";
		};
		89215B5223F69BAE00C2FEC8 /* Factory */ = {
			isa = PBXGroup;
			children = (
				89215B5323F69BAE00C2FEC8 /* MeteorDetailsFactory.swift */,
			);
			path = Factory;
			sourceTree = "<group>";
		};
		89215B5C23F6A0B200C2FEC8 /* Extensios */ = {
			isa = PBXGroup;
			children = (
				89215B6223F6A5E100C2FEC8 /* UIColor+extensions.swift */,
				89215B7323F6BB5300C2FEC8 /* UIView+extensions.swift */,
				89215B7523F6BBE500C2FEC8 /* UILabel+extensions.swift */,
				89215B7723F6BC2700C2FEC8 /* UIFont+extensions.swift */,
				89B478D723F6E72900D30C8F /* UIViewcontroller+extensions.swift */,
				89555B8223FF877B00F182BB /* UIButton+extensions.swift */,
				89555B842403D47E00F182BB /* Date+extensions.swift */,
			);
			path = Extensios;
			sourceTree = "<group>";
		};
		89215B5D23F6A0BD00C2FEC8 /* Custom Views */ = {
			isa = PBXGroup;
			children = (
				89B478D923F6E7E800D30C8F /* CustomCollectionView */,
			);
			path = "Custom Views";
			sourceTree = "<group>";
		};
		89215B5E23F6A0DE00C2FEC8 /* Core Data */ = {
			isa = PBXGroup;
			children = (
				89215B1523F69B3300C2FEC8 /* Meteors.xcdatamodeld */,
				89215B6D23F6ABD700C2FEC8 /* CoreDataManager.swift */,
				89215B6F23F6AC2600C2FEC8 /* DataForMeteors.swift */,
			);
			path = "Core Data";
			sourceTree = "<group>";
		};
		89555B7723FDF31400F182BB /* SODAKit */ = {
			isa = PBXGroup;
			children = (
				89555B7823FDF31400F182BB /* SODAKit.h */,
				89555B7923FDF31400F182BB /* SODAClient.swift */,
			);
			path = SODAKit;
			sourceTree = "<group>";
		};
		89555B8123FF580200F182BB /* Networking */ = {
			isa = PBXGroup;
			children = (
				89555B7D23FF50B200F182BB /* GetRequest.swift */,
				89555B7F23FF51F900F182BB /* Services.swift */,
				89215B7923F6C07C00C2FEC8 /* DataManager.swift */,
			);
			path = Networking;
			sourceTree = "<group>";
		};
		89555B862403EDBE00F182BB /* View Model */ = {
			isa = PBXGroup;
			children = (
				89555B872403EDE400F182BB /* MainViewModel.swift */,
			);
			path = "View Model";
			sourceTree = "<group>";
		};
		89B478D923F6E7E800D30C8F /* CustomCollectionView */ = {
			isa = PBXGroup;
			children = (
				89B478D123F6DF6B00D30C8F /* CustomCollectionView.swift */,
				89B478D323F6DFC500D30C8F /* CustomCollectionViewCell.swift */,
				89B478D423F6DFC500D30C8F /* CustomCollectionViewCell.xib */,
			);
			path = CustomCollectionView;
			sourceTree = "<group>";
		};
/* End PBXGroup section */

/* Begin PBXNativeTarget section */
		89215B0823F69B3300C2FEC8 /* Meteors */ = {
			isa = PBXNativeTarget;
			buildConfigurationList = 89215B3623F69B3E00C2FEC8 /* Build configuration list for PBXNativeTarget "Meteors" */;
			buildPhases = (
				89215B0523F69B3300C2FEC8 /* Sources */,
				89215B0623F69B3300C2FEC8 /* Frameworks */,
				89215B0723F69B3300C2FEC8 /* Resources */,
			);
			buildRules = (
			);
			dependencies = (
			);
			name = Meteors;
			productName = Meteors;
			productReference = 89215B0923F69B3300C2FEC8 /* Meteors.app */;
			productType = "com.apple.product-type.application";
		};
		89215B2123F69B3E00C2FEC8 /* MeteorsTests */ = {
			isa = PBXNativeTarget;
			buildConfigurationList = 89215B3923F69B3E00C2FEC8 /* Build configuration list for PBXNativeTarget "MeteorsTests" */;
			buildPhases = (
				89215B1E23F69B3E00C2FEC8 /* Sources */,
				89215B1F23F69B3E00C2FEC8 /* Frameworks */,
				89215B2023F69B3E00C2FEC8 /* Resources */,
			);
			buildRules = (
			);
			dependencies = (
				89215B2423F69B3E00C2FEC8 /* PBXTargetDependency */,
			);
			name = MeteorsTests;
			productName = MeteorsTests;
			productReference = 89215B2223F69B3E00C2FEC8 /* MeteorsTests.xctest */;
			productType = "com.apple.product-type.bundle.unit-test";
		};
		89215B2C23F69B3E00C2FEC8 /* MeteorsUITests */ = {
			isa = PBXNativeTarget;
			buildConfigurationList = 89215B3C23F69B3E00C2FEC8 /* Build configuration list for PBXNativeTarget "MeteorsUITests" */;
			buildPhases = (
				89215B2923F69B3E00C2FEC8 /* Sources */,
				89215B2A23F69B3E00C2FEC8 /* Frameworks */,
				89215B2B23F69B3E00C2FEC8 /* Resources */,
			);
			buildRules = (
			);
			dependencies = (
				89215B2F23F69B3E00C2FEC8 /* PBXTargetDependency */,
			);
			name = MeteorsUITests;
			productName = MeteorsUITests;
			productReference = 89215B2D23F69B3E00C2FEC8 /* MeteorsUITests.xctest */;
			productType = "com.apple.product-type.bundle.ui-testing";
		};
/* End PBXNativeTarget section */

/* Begin PBXProject section */
		89215B0123F69B3300C2FEC8 /* Project object */ = {
			isa = PBXProject;
			attributes = {
				LastSwiftUpdateCheck = 1130;
				LastUpgradeCheck = 1130;
				ORGANIZATIONNAME = "Carl Wainwright";
				TargetAttributes = {
					89215B0823F69B3300C2FEC8 = {
						CreatedOnToolsVersion = 11.3.1;
					};
					89215B2123F69B3E00C2FEC8 = {
						CreatedOnToolsVersion = 11.3.1;
						TestTargetID = 89215B0823F69B3300C2FEC8;
					};
					89215B2C23F69B3E00C2FEC8 = {
						CreatedOnToolsVersion = 11.3.1;
						TestTargetID = 89215B0823F69B3300C2FEC8;
					};
				};
			};
			buildConfigurationList = 89215B0423F69B3300C2FEC8 /* Build configuration list for PBXProject "Meteors" */;
			compatibilityVersion = "Xcode 9.3";
			developmentRegion = en;
			hasScannedForEncodings = 0;
			knownRegions = (
				en,
				Base,
			);
			mainGroup = 89215B0023F69B3300C2FEC8;
			productRefGroup = 89215B0A23F69B3300C2FEC8 /* Products */;
			projectDirPath = "";
			projectRoot = "";
			targets = (
				89215B0823F69B3300C2FEC8 /* Meteors */,
				89215B2123F69B3E00C2FEC8 /* MeteorsTests */,
				89215B2C23F69B3E00C2FEC8 /* MeteorsUITests */,
			);
		};
/* End PBXProject section */

/* Begin PBXResourcesBuildPhase section */
		89215B0723F69B3300C2FEC8 /* Resources */ = {
			isa = PBXResourcesBuildPhase;
			buildActionMask = 2147483647;
			files = (
				89215B1C23F69B3D00C2FEC8 /* LaunchScreen.storyboard in Resources */,
				89215B1923F69B3D00C2FEC8 /* Assets.xcassets in Resources */,
				89215B5823F69BAE00C2FEC8 /* MeteorDetails.storyboard in Resources */,
				89215B1423F69B3300C2FEC8 /* Main.storyboard in Resources */,
				89B478D623F6DFC500D30C8F /* CustomCollectionViewCell.xib in Resources */,
			);
			runOnlyForDeploymentPostprocessing = 0;
		};
		89215B2023F69B3E00C2FEC8 /* Resources */ = {
			isa = PBXResourcesBuildPhase;
			buildActionMask = 2147483647;
			files = (
			);
			runOnlyForDeploymentPostprocessing = 0;
		};
		89215B2B23F69B3E00C2FEC8 /* Resources */ = {
			isa = PBXResourcesBuildPhase;
			buildActionMask = 2147483647;
			files = (
			);
			runOnlyForDeploymentPostprocessing = 0;
		};
/* End PBXResourcesBuildPhase section */

/* Begin PBXSourcesBuildPhase section */
		89215B0523F69B3300C2FEC8 /* Sources */ = {
			isa = PBXSourcesBuildPhase;
			buildActionMask = 2147483647;
			files = (
				89215B1123F69B3300C2FEC8 /* ViewController.swift in Sources */,
				89B478D523F6DFC500D30C8F /* CustomCollectionViewCell.swift in Sources */,
				89215B5523F69BAE00C2FEC8 /* MainFactory.swift in Sources */,
				89215B0D23F69B3300C2FEC8 /* AppDelegate.swift in Sources */,
				89555B882403EDE500F182BB /* MainViewModel.swift in Sources */,
				89215B6323F6A5E100C2FEC8 /* UIColor+extensions.swift in Sources */,
				89555B8323FF877D00F182BB /* UIButton+extensions.swift in Sources */,
				89215B5723F69BAE00C2FEC8 /* MeteorDetailsFlowController.swift in Sources */,
				89B478D823F6E72900D30C8F /* UIViewcontroller+extensions.swift in Sources */,
				89215B0F23F69B3300C2FEC8 /* SceneDelegate.swift in Sources */,
				89215B7623F6BBE500C2FEC8 /* UILabel+extensions.swift in Sources */,
				89215B5423F69BAE00C2FEC8 /* MainFlowController.swift in Sources */,
				89555B8023FF51F900F182BB /* Services.swift in Sources */,
				89215B1723F69B3300C2FEC8 /* Meteors.xcdatamodeld in Sources */,
				89215B5923F69BAE00C2FEC8 /* MeteorDetailsViewController.swift in Sources */,
				89555B7B23FDF31400F182BB /* SODAClient.swift in Sources */,
				89215B7823F6BC2700C2FEC8 /* UIFont+extensions.swift in Sources */,
				89555B852403D47F00F182BB /* Date+extensions.swift in Sources */,
				89B478D223F6DF6B00D30C8F /* CustomCollectionView.swift in Sources */,
				89215B5A23F69BAE00C2FEC8 /* MeteorDetailsViewModel.swift in Sources */,
				89215B7423F6BB5300C2FEC8 /* UIView+extensions.swift in Sources */,
				89215B7223F6B1FD00C2FEC8 /* MeteorModel.swift in Sources */,
				89215B5B23F69BAE00C2FEC8 /* MeteorDetailsFactory.swift in Sources */,
				89215B6E23F6ABD700C2FEC8 /* CoreDataManager.swift in Sources */,
				89555B7E23FF50B200F182BB /* GetRequest.swift in Sources */,
				89215B7A23F6C07C00C2FEC8 /* DataManager.swift in Sources */,
				89215B5623F69BAE00C2FEC8 /* MeteorDetailsModel.swift in Sources */,
				89215B7023F6AC2600C2FEC8 /* DataForMeteors.swift in Sources */,
			);
			runOnlyForDeploymentPostprocessing = 0;
		};
		89215B1E23F69B3E00C2FEC8 /* Sources */ = {
			isa = PBXSourcesBuildPhase;
			buildActionMask = 2147483647;
			files = (
				89555B8C2403FF4000F182BB /* CoreDataTests.swift in Sources */,
				89215B2723F69B3E00C2FEC8 /* MeteorsTests.swift in Sources */,
			);
			runOnlyForDeploymentPostprocessing = 0;
		};
		89215B2923F69B3E00C2FEC8 /* Sources */ = {
			isa = PBXSourcesBuildPhase;
			buildActionMask = 2147483647;
			files = (
				89215B3223F69B3E00C2FEC8 /* MeteorsUITests.swift in Sources */,
			);
			runOnlyForDeploymentPostprocessing = 0;
		};
/* End PBXSourcesBuildPhase section */

/* Begin PBXTargetDependency section */
		89215B2423F69B3E00C2FEC8 /* PBXTargetDependency */ = {
			isa = PBXTargetDependency;
			target = 89215B0823F69B3300C2FEC8 /* Meteors */;
			targetProxy = 89215B2323F69B3E00C2FEC8 /* PBXContainerItemProxy */;
		};
		89215B2F23F69B3E00C2FEC8 /* PBXTargetDependency */ = {
			isa = PBXTargetDependency;
			target = 89215B0823F69B3300C2FEC8 /* Meteors */;
			targetProxy = 89215B2E23F69B3E00C2FEC8 /* PBXContainerItemProxy */;
		};
/* End PBXTargetDependency section */

/* Begin PBXVariantGroup section */
		89215B1223F69B3300C2FEC8 /* Main.storyboard */ = {
			isa = PBXVariantGroup;
			children = (
				89215B1323F69B3300C2FEC8 /* Base */,
			);
			name = Main.storyboard;
			sourceTree = "<group>";
		};
		89215B1A23F69B3D00C2FEC8 /* LaunchScreen.storyboard */ = {
			isa = PBXVariantGroup;
			children = (
				89215B1B23F69B3D00C2FEC8 /* Base */,
			);
			name = LaunchScreen.storyboard;
			sourceTree = "<group>";
		};
/* End PBXVariantGroup section */

/* Begin XCBuildConfiguration section */
		89215B3423F69B3E00C2FEC8 /* Debug */ = {
			isa = XCBuildConfiguration;
			buildSettings = {
				ALWAYS_SEARCH_USER_PATHS = NO;
				CLANG_ANALYZER_NONNULL = YES;
				CLANG_ANALYZER_NUMBER_OBJECT_CONVERSION = YES_AGGRESSIVE;
				CLANG_CXX_LANGUAGE_STANDARD = "gnu++14";
				CLANG_CXX_LIBRARY = "libc++";
				CLANG_ENABLE_MODULES = YES;
				CLANG_ENABLE_OBJC_ARC = YES;
				CLANG_ENABLE_OBJC_WEAK = YES;
				CLANG_WARN_BLOCK_CAPTURE_AUTORELEASING = YES;
				CLANG_WARN_BOOL_CONVERSION = YES;
				CLANG_WARN_COMMA = YES;
				CLANG_WARN_CONSTANT_CONVERSION = YES;
				CLANG_WARN_DEPRECATED_OBJC_IMPLEMENTATIONS = YES;
				CLANG_WARN_DIRECT_OBJC_ISA_USAGE = YES_ERROR;
				CLANG_WARN_DOCUMENTATION_COMMENTS = YES;
				CLANG_WARN_EMPTY_BODY = YES;
				CLANG_WARN_ENUM_CONVERSION = YES;
				CLANG_WARN_INFINITE_RECURSION = YES;
				CLANG_WARN_INT_CONVERSION = YES;
				CLANG_WARN_NON_LITERAL_NULL_CONVERSION = YES;
				CLANG_WARN_OBJC_IMPLICIT_RETAIN_SELF = YES;
				CLANG_WARN_OBJC_LITERAL_CONVERSION = YES;
				CLANG_WARN_OBJC_ROOT_CLASS = YES_ERROR;
				CLANG_WARN_RANGE_LOOP_ANALYSIS = YES;
				CLANG_WARN_STRICT_PROTOTYPES = YES;
				CLANG_WARN_SUSPICIOUS_MOVE = YES;
				CLANG_WARN_UNGUARDED_AVAILABILITY = YES_AGGRESSIVE;
				CLANG_WARN_UNREACHABLE_CODE = YES;
				CLANG_WARN__DUPLICATE_METHOD_MATCH = YES;
				COPY_PHASE_STRIP = NO;
				DEBUG_INFORMATION_FORMAT = dwarf;
				ENABLE_STRICT_OBJC_MSGSEND = YES;
				ENABLE_TESTABILITY = YES;
				GCC_C_LANGUAGE_STANDARD = gnu11;
				GCC_DYNAMIC_NO_PIC = NO;
				GCC_NO_COMMON_BLOCKS = YES;
				GCC_OPTIMIZATION_LEVEL = 0;
				GCC_PREPROCESSOR_DEFINITIONS = (
					"DEBUG=1",
					"$(inherited)",
				);
				GCC_WARN_64_TO_32_BIT_CONVERSION = YES;
				GCC_WARN_ABOUT_RETURN_TYPE = YES_ERROR;
				GCC_WARN_UNDECLARED_SELECTOR = YES;
				GCC_WARN_UNINITIALIZED_AUTOS = YES_AGGRESSIVE;
				GCC_WARN_UNUSED_FUNCTION = YES;
				GCC_WARN_UNUSED_VARIABLE = YES;
				IPHONEOS_DEPLOYMENT_TARGET = 13.2;
				MTL_ENABLE_DEBUG_INFO = INCLUDE_SOURCE;
				MTL_FAST_MATH = YES;
				ONLY_ACTIVE_ARCH = YES;
				SDKROOT = iphoneos;
				SWIFT_ACTIVE_COMPILATION_CONDITIONS = DEBUG;
				SWIFT_OPTIMIZATION_LEVEL = "-Onone";
			};
			name = Debug;
		};
		89215B3523F69B3E00C2FEC8 /* Release */ = {
			isa = XCBuildConfiguration;
			buildSettings = {
				ALWAYS_SEARCH_USER_PATHS = NO;
				CLANG_ANALYZER_NONNULL = YES;
				CLANG_ANALYZER_NUMBER_OBJECT_CONVERSION = YES_AGGRESSIVE;
				CLANG_CXX_LANGUAGE_STANDARD = "gnu++14";
				CLANG_CXX_LIBRARY = "libc++";
				CLANG_ENABLE_MODULES = YES;
				CLANG_ENABLE_OBJC_ARC = YES;
				CLANG_ENABLE_OBJC_WEAK = YES;
				CLANG_WARN_BLOCK_CAPTURE_AUTORELEASING = YES;
				CLANG_WARN_BOOL_CONVERSION = YES;
				CLANG_WARN_COMMA = YES;
				CLANG_WARN_CONSTANT_CONVERSION = YES;
				CLANG_WARN_DEPRECATED_OBJC_IMPLEMENTATIONS = YES;
				CLANG_WARN_DIRECT_OBJC_ISA_USAGE = YES_ERROR;
				CLANG_WARN_DOCUMENTATION_COMMENTS = YES;
				CLANG_WARN_EMPTY_BODY = YES;
				CLANG_WARN_ENUM_CONVERSION = YES;
				CLANG_WARN_INFINITE_RECURSION = YES;
				CLANG_WARN_INT_CONVERSION = YES;
				CLANG_WARN_NON_LITERAL_NULL_CONVERSION = YES;
				CLANG_WARN_OBJC_IMPLICIT_RETAIN_SELF = YES;
				CLANG_WARN_OBJC_LITERAL_CONVERSION = YES;
				CLANG_WARN_OBJC_ROOT_CLASS = YES_ERROR;
				CLANG_WARN_RANGE_LOOP_ANALYSIS = YES;
				CLANG_WARN_STRICT_PROTOTYPES = YES;
				CLANG_WARN_SUSPICIOUS_MOVE = YES;
				CLANG_WARN_UNGUARDED_AVAILABILITY = YES_AGGRESSIVE;
				CLANG_WARN_UNREACHABLE_CODE = YES;
				CLANG_WARN__DUPLICATE_METHOD_MATCH = YES;
				COPY_PHASE_STRIP = NO;
				DEBUG_INFORMATION_FORMAT = "dwarf-with-dsym";
				ENABLE_NS_ASSERTIONS = NO;
				ENABLE_STRICT_OBJC_MSGSEND = YES;
				GCC_C_LANGUAGE_STANDARD = gnu11;
				GCC_NO_COMMON_BLOCKS = YES;
				GCC_WARN_64_TO_32_BIT_CONVERSION = YES;
				GCC_WARN_ABOUT_RETURN_TYPE = YES_ERROR;
				GCC_WARN_UNDECLARED_SELECTOR = YES;
				GCC_WARN_UNINITIALIZED_AUTOS = YES_AGGRESSIVE;
				GCC_WARN_UNUSED_FUNCTION = YES;
				GCC_WARN_UNUSED_VARIABLE = YES;
				IPHONEOS_DEPLOYMENT_TARGET = 13.2;
				MTL_ENABLE_DEBUG_INFO = NO;
				MTL_FAST_MATH = YES;
				SDKROOT = iphoneos;
				SWIFT_COMPILATION_MODE = wholemodule;
				SWIFT_OPTIMIZATION_LEVEL = "-O";
				VALIDATE_PRODUCT = YES;
			};
			name = Release;
		};
		89215B3723F69B3E00C2FEC8 /* Debug */ = {
			isa = XCBuildConfiguration;
			buildSettings = {
				ASSETCATALOG_COMPILER_APPICON_NAME = AppIcon;
				CODE_SIGN_STYLE = Automatic;
				DEVELOPMENT_TEAM = 2428X38UTQ;
				INFOPLIST_FILE = Meteors/Info.plist;
				LD_RUNPATH_SEARCH_PATHS = (
					"$(inherited)",
					"@executable_path/Frameworks",
				);
				PRODUCT_BUNDLE_IDENTIFIER = com.carlwainwright.Meteors;
				PRODUCT_NAME = "$(TARGET_NAME)";
				SWIFT_VERSION = 5.0;
				TARGETED_DEVICE_FAMILY = "1,2";
			};
			name = Debug;
		};
		89215B3823F69B3E00C2FEC8 /* Release */ = {
			isa = XCBuildConfiguration;
			buildSettings = {
				ASSETCATALOG_COMPILER_APPICON_NAME = AppIcon;
				CODE_SIGN_STYLE = Automatic;
				DEVELOPMENT_TEAM = 2428X38UTQ;
				INFOPLIST_FILE = Meteors/Info.plist;
				LD_RUNPATH_SEARCH_PATHS = (
					"$(inherited)",
					"@executable_path/Frameworks",
				);
				PRODUCT_BUNDLE_IDENTIFIER = com.carlwainwright.Meteors;
				PRODUCT_NAME = "$(TARGET_NAME)";
				SWIFT_VERSION = 5.0;
				TARGETED_DEVICE_FAMILY = "1,2";
			};
			name = Release;
		};
		89215B3A23F69B3E00C2FEC8 /* Debug */ = {
			isa = XCBuildConfiguration;
			buildSettings = {
				ALWAYS_EMBED_SWIFT_STANDARD_LIBRARIES = YES;
				BUNDLE_LOADER = "$(TEST_HOST)";
				CODE_SIGN_STYLE = Automatic;
				DEVELOPMENT_TEAM = 2428X38UTQ;
				INFOPLIST_FILE = MeteorsTests/Info.plist;
				IPHONEOS_DEPLOYMENT_TARGET = 13.2;
				LD_RUNPATH_SEARCH_PATHS = (
					"$(inherited)",
					"@executable_path/Frameworks",
					"@loader_path/Frameworks",
				);
				PRODUCT_BUNDLE_IDENTIFIER = com.carlwainwright.MeteorsTests;
				PRODUCT_NAME = "$(TARGET_NAME)";
				SWIFT_VERSION = 5.0;
				TARGETED_DEVICE_FAMILY = "1,2";
				TEST_HOST = "$(BUILT_PRODUCTS_DIR)/Meteors.app/Meteors";
			};
			name = Debug;
		};
		89215B3B23F69B3E00C2FEC8 /* Release */ = {
			isa = XCBuildConfiguration;
			buildSettings = {
				ALWAYS_EMBED_SWIFT_STANDARD_LIBRARIES = YES;
				BUNDLE_LOADER = "$(TEST_HOST)";
				CODE_SIGN_STYLE = Automatic;
				DEVELOPMENT_TEAM = 2428X38UTQ;
				INFOPLIST_FILE = MeteorsTests/Info.plist;
				IPHONEOS_DEPLOYMENT_TARGET = 13.2;
				LD_RUNPATH_SEARCH_PATHS = (
					"$(inherited)",
					"@executable_path/Frameworks",
					"@loader_path/Frameworks",
				);
				PRODUCT_BUNDLE_IDENTIFIER = com.carlwainwright.MeteorsTests;
				PRODUCT_NAME = "$(TARGET_NAME)";
				SWIFT_VERSION = 5.0;
				TARGETED_DEVICE_FAMILY = "1,2";
				TEST_HOST = "$(BUILT_PRODUCTS_DIR)/Meteors.app/Meteors";
			};
			name = Release;
		};
		89215B3D23F69B3E00C2FEC8 /* Debug */ = {
			isa = XCBuildConfiguration;
			buildSettings = {
				ALWAYS_EMBED_SWIFT_STANDARD_LIBRARIES = YES;
				CODE_SIGN_STYLE = Automatic;
				DEVELOPMENT_TEAM = 2428X38UTQ;
				INFOPLIST_FILE = MeteorsUITests/Info.plist;
				LD_RUNPATH_SEARCH_PATHS = (
					"$(inherited)",
					"@executable_path/Frameworks",
					"@loader_path/Frameworks",
				);
				PRODUCT_BUNDLE_IDENTIFIER = com.carlwainwright.MeteorsUITests;
				PRODUCT_NAME = "$(TARGET_NAME)";
				SWIFT_VERSION = 5.0;
				TARGETED_DEVICE_FAMILY = "1,2";
				TEST_TARGET_NAME = Meteors;
			};
			name = Debug;
		};
		89215B3E23F69B3E00C2FEC8 /* Release */ = {
			isa = XCBuildConfiguration;
			buildSettings = {
				ALWAYS_EMBED_SWIFT_STANDARD_LIBRARIES = YES;
				CODE_SIGN_STYLE = Automatic;
				DEVELOPMENT_TEAM = 2428X38UTQ;
				INFOPLIST_FILE = MeteorsUITests/Info.plist;
				LD_RUNPATH_SEARCH_PATHS = (
					"$(inherited)",
					"@executable_path/Frameworks",
					"@loader_path/Frameworks",
				);
				PRODUCT_BUNDLE_IDENTIFIER = com.carlwainwright.MeteorsUITests;
				PRODUCT_NAME = "$(TARGET_NAME)";
				SWIFT_VERSION = 5.0;
				TARGETED_DEVICE_FAMILY = "1,2";
				TEST_TARGET_NAME = Meteors;
			};
			name = Release;
		};
/* End XCBuildConfiguration section */

/* Begin XCConfigurationList section */
		89215B0423F69B3300C2FEC8 /* Build configuration list for PBXProject "Meteors" */ = {
			isa = XCConfigurationList;
			buildConfigurations = (
				89215B3423F69B3E00C2FEC8 /* Debug */,
				89215B3523F69B3E00C2FEC8 /* Release */,
			);
			defaultConfigurationIsVisible = 0;
			defaultConfigurationName = Release;
		};
		89215B3623F69B3E00C2FEC8 /* Build configuration list for PBXNativeTarget "Meteors" */ = {
			isa = XCConfigurationList;
			buildConfigurations = (
				89215B3723F69B3E00C2FEC8 /* Debug */,
				89215B3823F69B3E00C2FEC8 /* Release */,
			);
			defaultConfigurationIsVisible = 0;
			defaultConfigurationName = Release;
		};
		89215B3923F69B3E00C2FEC8 /* Build configuration list for PBXNativeTarget "MeteorsTests" */ = {
			isa = XCConfigurationList;
			buildConfigurations = (
				89215B3A23F69B3E00C2FEC8 /* Debug */,
				89215B3B23F69B3E00C2FEC8 /* Release */,
			);
			defaultConfigurationIsVisible = 0;
			defaultConfigurationName = Release;
		};
		89215B3C23F69B3E00C2FEC8 /* Build configuration list for PBXNativeTarget "MeteorsUITests" */ = {
			isa = XCConfigurationList;
			buildConfigurations = (
				89215B3D23F69B3E00C2FEC8 /* Debug */,
				89215B3E23F69B3E00C2FEC8 /* Release */,
			);
			defaultConfigurationIsVisible = 0;
			defaultConfigurationName = Release;
		};
/* End XCConfigurationList section */

/* Begin XCVersionGroup section */
		89215B1523F69B3300C2FEC8 /* Meteors.xcdatamodeld */ = {
			isa = XCVersionGroup;
			children = (
				89215B1623F69B3300C2FEC8 /* Meteors.xcdatamodel */,
			);
			currentVersion = 89215B1623F69B3300C2FEC8 /* Meteors.xcdatamodel */;
			path = Meteors.xcdatamodeld;
			sourceTree = "<group>";
			versionGroupType = wrapper.xcdatamodel;
		};
/* End XCVersionGroup section */
	};
	rootObject = 89215B0123F69B3300C2FEC8 /* Project object */;
}
